<?xml version="1.0" encoding="utf-8"?>
<Project ToolsVersion="4.0" xmlns="http://schemas.microsoft.com/developer/msbuild/2003">
  <ItemGroup>
    <Filter Include="Engine">
      <UniqueIdentifier>{521ac31f-7ad9-4875-a82b-6d8816f0d65b}</UniqueIdentifier>
    </Filter>
    <Filter Include="Engine\Header Files">
      <UniqueIdentifier>{93995380-89BD-4b04-88EB-625FBE52EBFB}</UniqueIdentifier>
      <Extensions>h;hh;hpp;hxx;h++;hm;inl;inc;ipp;xsd</Extensions>
    </Filter>
    <Filter Include="Engine\Source Files">
      <UniqueIdentifier>{4FC737F1-C7A5-4376-A066-2A32D752A2FF}</UniqueIdentifier>
      <Extensions>cpp;c;cc;cxx;c++;cppm;ixx;def;odl;idl;hpj;bat;asm;asmx</Extensions>
    </Filter>
    <Filter Include="Engine\Source Files\Main">
      <UniqueIdentifier>{a24a4ba4-8092-49d5-ab47-ec9cec3b65a6}</UniqueIdentifier>
    </Filter>
    <Filter Include="Engine\Header Files\Main">
      <UniqueIdentifier>{4ccb5647-7e1d-4da5-b10f-d340725fa3a2}</UniqueIdentifier>
    </Filter>
    <Filter Include="Engine\Header Files\Sub Engines">
      <UniqueIdentifier>{3666dd2d-9616-4005-97c7-34f37b38f700}</UniqueIdentifier>
    </Filter>
    <Filter Include="Engine\Header Files\Sub Engines\Maths">
      <UniqueIdentifier>{12a7d454-c742-4b95-83ef-2537495c9901}</UniqueIdentifier>
    </Filter>
    <Filter Include="Engine\Header Files\Sub Engines\Audio">
      <UniqueIdentifier>{326771a1-9f88-47f1-b1e7-8738935f7d40}</UniqueIdentifier>
    </Filter>
    <Filter Include="Engine\Header Files\Sub Engines\Input">
      <UniqueIdentifier>{86ce191e-3a18-469e-9b19-789bc5949024}</UniqueIdentifier>
    </Filter>
    <Filter Include="Engine\Source Files\Sub Engines">
      <UniqueIdentifier>{faaf9c13-83c2-4b6f-a81d-8078414bd12a}</UniqueIdentifier>
    </Filter>
    <Filter Include="Engine\Source Files\Sub Engines\Maths">
      <UniqueIdentifier>{03b671b4-8396-4146-9884-5782df4f3040}</UniqueIdentifier>
    </Filter>
    <Filter Include="Engine\Source Files\Sub Engines\Audio">
      <UniqueIdentifier>{42d774cd-6192-4c22-91fc-23648f707c81}</UniqueIdentifier>
    </Filter>
    <Filter Include="Engine\Source Files\Sub Engines\Input">
      <UniqueIdentifier>{76556f86-4b51-4d7a-8e3a-942a64aff786}</UniqueIdentifier>
    </Filter>
    <Filter Include="Engine\Header Files\Sub Engines\Manager">
      <UniqueIdentifier>{ea7087e5-c29c-41db-b981-848be6636b9e}</UniqueIdentifier>
    </Filter>
    <Filter Include="Engine\Source Files\Sub Engines\Manager">
      <UniqueIdentifier>{129d7d1d-b229-4213-8065-c1abe151925e}</UniqueIdentifier>
    </Filter>
    <Filter Include="Engine\Header Files\Sub Engines\Video">
      <UniqueIdentifier>{8540819b-c3fc-4bf5-9e0e-c2df6452f816}</UniqueIdentifier>
    </Filter>
    <Filter Include="Engine\Source Files\Sub Engines\Video">
      <UniqueIdentifier>{a70fc88a-a7e3-472c-815d-908ecdfd5cb3}</UniqueIdentifier>
    </Filter>
    <Filter Include="Engine\Source Files\Sub Engines\Manager\ECS">
      <UniqueIdentifier>{49ff1ba3-0675-4d18-bb35-182e97c8555d}</UniqueIdentifier>
    </Filter>
    <Filter Include="Engine\Header Files\Sub Engines\Manager\ECS">
      <UniqueIdentifier>{d2cd2af9-8b7c-4de4-ad86-1d36b2ee1e1a}</UniqueIdentifier>
    </Filter>
  </ItemGroup>
  <ItemGroup>
    <ClInclude Include="vector2D.h">
      <Filter>Engine\Header Files\Sub Engines\Maths</Filter>
    </ClInclude>
    <ClInclude Include="Shapes.h">
      <Filter>Engine\Header Files\Sub Engines\Video</Filter>
    </ClInclude>
    <ClInclude Include="myinputs.h">
      <Filter>Engine\Header Files\Sub Engines\Input</Filter>
    </ClInclude>
    <ClInclude Include="mydrawengine.h">
      <Filter>Engine\Header Files\Sub Engines\Video</Filter>
    </ClInclude>
    <ClInclude Include="mysoundengine.h">
      <Filter>Engine\Header Files\Sub Engines\Audio</Filter>
    </ClInclude>
    <ClInclude Include="gametimer.h">
      <Filter>Engine\Header Files\Main</Filter>
    </ClInclude>
    <ClInclude Include="gamecode.h">
      <Filter>Engine\Header Files\Main</Filter>
    </ClInclude>
    <ClInclude Include="errortype.h">
      <Filter>Engine\Header Files\Main</Filter>
    </ClInclude>
    <ClInclude Include="ErrorLogger.h">
      <Filter>Engine\Header Files\Main</Filter>
    </ClInclude>
    <ClInclude Include="camera.h">
      <Filter>Engine\Header Files\Sub Engines\Video</Filter>
    </ClInclude>
    <ClInclude Include="ECS.h">
      <Filter>Engine\Header Files\Sub Engines\Manager\ECS</Filter>
    </ClInclude>
    <ClInclude Include="TransformComponent.h">
      <Filter>Engine\Header Files\Sub Engines\Manager\ECS</Filter>
    </ClInclude>
    <ClInclude Include="ImageComponent.h">
      <Filter>Engine\Header Files\Sub Engines\Manager\ECS</Filter>
    </ClInclude>
    <ClInclude Include="Components.h">
      <Filter>Engine\Header Files\Sub Engines\Manager\ECS</Filter>
    </ClInclude>
    <ClInclude Include="SoundComponent.h">
      <Filter>Engine\Header Files\Sub Engines\Manager\ECS</Filter>
    </ClInclude>
    <ClInclude Include="InputComponent.h">
      <Filter>Engine\Header Files\Sub Engines\Manager\ECS</Filter>
    </ClInclude>
    <ClInclude Include="AssetManager.h">
      <Filter>Engine\Header Files\Sub Engines\Manager</Filter>
    </ClInclude>
    <ClInclude Include="EntityTypes.h">
      <Filter>Engine\Header Files\Sub Engines\Manager</Filter>
    </ClInclude>
    <ClInclude Include="LevelManager.h">
      <Filter>Engine\Header Files\Sub Engines\Manager</Filter>
    </ClInclude>
    <ClInclude Include="AnimationComponent.h">
      <Filter>Engine\Header Files\Sub Engines\Manager\ECS</Filter>
    </ClInclude>
    <ClInclude Include="Levels.h">
      <Filter>Engine\Header Files\Sub Engines\Manager</Filter>
    </ClInclude>
    <ClInclude Include="ModifyComponent.h">
      <Filter>Engine\Header Files\Sub Engines\Manager\ECS</Filter>
    </ClInclude>
    <ClInclude Include="PhysicsComponent.h">
      <Filter>Engine\Header Files\Sub Engines\Manager\ECS</Filter>
    </ClInclude>
    <ClInclude Include="CollisionComponent.h">
      <Filter>Engine\Header Files\Sub Engines\Manager\ECS</Filter>
    </ClInclude>
  </ItemGroup>
  <ItemGroup>
    <ClCompile Include="vector2D.cpp">
      <Filter>Engine\Source Files\Sub Engines\Maths</Filter>
    </ClCompile>
    <ClCompile Include="Shapes.cpp">
      <Filter>Engine\Source Files\Sub Engines\Video</Filter>
    </ClCompile>
    <ClCompile Include="mydrawengine.cpp">
      <Filter>Engine\Source Files\Sub Engines\Video</Filter>
    </ClCompile>
    <ClCompile Include="mysoundengine.cpp">
      <Filter>Engine\Source Files\Sub Engines\Audio</Filter>
    </ClCompile>
    <ClCompile Include="myinputs.cpp">
      <Filter>Engine\Source Files\Sub Engines\Input</Filter>
    </ClCompile>
    <ClCompile Include="wincode.cpp">
      <Filter>Engine\Source Files\Main</Filter>
    </ClCompile>
    <ClCompile Include="gametimer.cpp">
      <Filter>Engine\Source Files\Main</Filter>
    </ClCompile>
    <ClCompile Include="gamecode.cpp">
      <Filter>Engine\Source Files\Main</Filter>
    </ClCompile>
    <ClCompile Include="ErrorLogger.cpp">
      <Filter>Engine\Source Files\Main</Filter>
    </ClCompile>
    <ClCompile Include="camera.cpp">
      <Filter>Engine\Source Files\Sub Engines\Video</Filter>
    </ClCompile>
    <ClCompile Include="ECS.cpp">
      <Filter>Engine\Source Files\Sub Engines\Manager\ECS</Filter>
    </ClCompile>
    <ClCompile Include="AssetManager.cpp">
      <Filter>Engine\Source Files\Sub Engines\Manager</Filter>
    </ClCompile>
    <ClCompile Include="LevelManager.cpp">
      <Filter>Engine\Source Files\Sub Engines\Manager</Filter>
    </ClCompile>
  </ItemGroup>
</Project>